
Microsoft Visual Studio Solution File, Format Version 12.00
# Visual Studio Version 17
VisualStudioVersion = 17.11.35222.181
MinimumVisualStudioVersion = 10.0.40219.1
Project("{2150E333-8FDC-42A3-9474-1A3956D46DE8}") = "src", "src", "{0FC3EC6B-EC17-4079-BC65-9E9A2FB14A98}"
EndProject
Project("{2150E333-8FDC-42A3-9474-1A3956D46DE8}") = "API", "API", "{B108FC0A-CCAF-43BB-ACCE-8A31E9BE8FA2}"
EndProject
Project("{2150E333-8FDC-42A3-9474-1A3956D46DE8}") = "Core", "Core", "{C6F358D9-14B8-482A-956B-8C9F5F27DF8B}"
EndProject
Project("{2150E333-8FDC-42A3-9474-1A3956D46DE8}") = "Infrastructure", "Infrastructure", "{D820E1F0-C381-485C-A6E9-BDC29480178F}"
EndProject
Project("{2150E333-8FDC-42A3-9474-1A3956D46DE8}") = "UI", "UI", "{F6AD9E74-C20D-4D88-8D09-0AE09024FBBB}"
EndProject
Project("{9A19103F-16F7-4668-BE54-9A1E7A4F7556}") = "LinkCutter.Domain", "DAL\LinkCutter.Domain.csproj", "{650BBD3B-8514-43CF-8675-789A51C27750}"
EndProject
Project("{9A19103F-16F7-4668-BE54-9A1E7A4F7556}") = "LinkCutter.Application", "Link.Application\LinkCutter.Application.csproj", "{EF4306CA-BDB6-4C0B-A282-09CD049B0045}"
EndProject
Project("{9A19103F-16F7-4668-BE54-9A1E7A4F7556}") = "LinkCutter.Persistence", "Link.Persistence\LinkCutter.Persistence.csproj", "{D268A2F3-F76D-4A28-8C1F-B4E74C964486}"
EndProject
Project("{9A19103F-16F7-4668-BE54-9A1E7A4F7556}") = "LinkCutter.API", "LinkCutter.API\LinkCutter.API.csproj", "{5FB2A6A2-0358-4EE5-AFC7-32DB95C4E03A}"
EndProject
Project("{9A19103F-16F7-4668-BE54-9A1E7A4F7556}") = "LinkCutter.Identity", "LinkCutter.Identity\LinkCutter.Identity.csproj", "{9A4BCD3D-F45C-453D-9F44-F0AF5978FF4B}"
EndProject
Project("{E53339B2-1760-4266-BCC7-CA923CBCF16C}") = "docker-compose", "docker-compose.dcproj", "{D9B0334C-5E3C-4374-9CA5-3AF21D746794}"
EndProject
Global
	GlobalSection(SolutionConfigurationPlatforms) = preSolution
		Debug|Any CPU = Debug|Any CPU
		Release|Any CPU = Release|Any CPU
	EndGlobalSection
	GlobalSection(ProjectConfigurationPlatforms) = postSolution
		{650BBD3B-8514-43CF-8675-789A51C27750}.Debug|Any CPU.ActiveCfg = Debug|Any CPU
		{650BBD3B-8514-43CF-8675-789A51C27750}.Debug|Any CPU.Build.0 = Debug|Any CPU
		{650BBD3B-8514-43CF-8675-789A51C27750}.Release|Any CPU.ActiveCfg = Release|Any CPU
		{650BBD3B-8514-43CF-8675-789A51C27750}.Release|Any CPU.Build.0 = Release|Any CPU
		{EF4306CA-BDB6-4C0B-A282-09CD049B0045}.Debug|Any CPU.ActiveCfg = Debug|Any CPU
		{EF4306CA-BDB6-4C0B-A282-09CD049B0045}.Debug|Any CPU.Build.0 = Debug|Any CPU
		{EF4306CA-BDB6-4C0B-A282-09CD049B0045}.Release|Any CPU.ActiveCfg = Release|Any CPU
		{EF4306CA-BDB6-4C0B-A282-09CD049B0045}.Release|Any CPU.Build.0 = Release|Any CPU
		{D268A2F3-F76D-4A28-8C1F-B4E74C964486}.Debug|Any CPU.ActiveCfg = Debug|Any CPU
		{D268A2F3-F76D-4A28-8C1F-B4E74C964486}.Debug|Any CPU.Build.0 = Debug|Any CPU
		{D268A2F3-F76D-4A28-8C1F-B4E74C964486}.Release|Any CPU.ActiveCfg = Release|Any CPU
		{D268A2F3-F76D-4A28-8C1F-B4E74C964486}.Release|Any CPU.Build.0 = Release|Any CPU
		{5FB2A6A2-0358-4EE5-AFC7-32DB95C4E03A}.Debug|Any CPU.ActiveCfg = Debug|Any CPU
		{5FB2A6A2-0358-4EE5-AFC7-32DB95C4E03A}.Debug|Any CPU.Build.0 = Debug|Any CPU
		{5FB2A6A2-0358-4EE5-AFC7-32DB95C4E03A}.Release|Any CPU.ActiveCfg = Release|Any CPU
		{5FB2A6A2-0358-4EE5-AFC7-32DB95C4E03A}.Release|Any CPU.Build.0 = Release|Any CPU
		{9A4BCD3D-F45C-453D-9F44-F0AF5978FF4B}.Debug|Any CPU.ActiveCfg = Debug|Any CPU
		{9A4BCD3D-F45C-453D-9F44-F0AF5978FF4B}.Debug|Any CPU.Build.0 = Debug|Any CPU
		{9A4BCD3D-F45C-453D-9F44-F0AF5978FF4B}.Release|Any CPU.ActiveCfg = Release|Any CPU
		{9A4BCD3D-F45C-453D-9F44-F0AF5978FF4B}.Release|Any CPU.Build.0 = Release|Any CPU
		{D9B0334C-5E3C-4374-9CA5-3AF21D746794}.Debug|Any CPU.ActiveCfg = Debug|Any CPU
		{D9B0334C-5E3C-4374-9CA5-3AF21D746794}.Debug|Any CPU.Build.0 = Debug|Any CPU
		{D9B0334C-5E3C-4374-9CA5-3AF21D746794}.Release|Any CPU.ActiveCfg = Release|Any CPU
		{D9B0334C-5E3C-4374-9CA5-3AF21D746794}.Release|Any CPU.Build.0 = Release|Any CPU
	EndGlobalSection
	GlobalSection(SolutionProperties) = preSolution
		HideSolutionNode = FALSE
	EndGlobalSection
	GlobalSection(NestedProjects) = preSolution
		{B108FC0A-CCAF-43BB-ACCE-8A31E9BE8FA2} = {0FC3EC6B-EC17-4079-BC65-9E9A2FB14A98}
		{C6F358D9-14B8-482A-956B-8C9F5F27DF8B} = {0FC3EC6B-EC17-4079-BC65-9E9A2FB14A98}
		{D820E1F0-C381-485C-A6E9-BDC29480178F} = {0FC3EC6B-EC17-4079-BC65-9E9A2FB14A98}
		{F6AD9E74-C20D-4D88-8D09-0AE09024FBBB} = {0FC3EC6B-EC17-4079-BC65-9E9A2FB14A98}
		{650BBD3B-8514-43CF-8675-789A51C27750} = {C6F358D9-14B8-482A-956B-8C9F5F27DF8B}
		{EF4306CA-BDB6-4C0B-A282-09CD049B0045} = {C6F358D9-14B8-482A-956B-8C9F5F27DF8B}
		{D268A2F3-F76D-4A28-8C1F-B4E74C964486} = {D820E1F0-C381-485C-A6E9-BDC29480178F}
		{5FB2A6A2-0358-4EE5-AFC7-32DB95C4E03A} = {B108FC0A-CCAF-43BB-ACCE-8A31E9BE8FA2}
		{9A4BCD3D-F45C-453D-9F44-F0AF5978FF4B} = {C6F358D9-14B8-482A-956B-8C9F5F27DF8B}
	EndGlobalSection
	GlobalSection(ExtensibilityGlobals) = postSolution
		SolutionGuid = {538DB1BE-776C-4F7E-BF6B-12C6D55A0D2B}
	EndGlobalSection
EndGlobal
